# THIS IS AN AUTOGENERATED FILE. DO NOT EDIT THIS FILE DIRECTLY.
# yarn lockfile v1


"@github/combobox-nav@^3.0.1":
  version "3.0.1"
  resolved "https://registry.yarnpkg.com/@github/combobox-nav/-/combobox-nav-3.0.1.tgz#3f8761b3e8fea6e77fa6ab78152238695d8c2868"
  integrity sha512-JEAm5qU+u/dU8H+NsPisJ5c/P+lfqIk4x0h+BvqBIjP7oVZq1ChPVRYG5uPmHu5Mq7HGD8IsASbpUhX5UIfRxQ==
